
Microsoft Visual Studio Solution File, Format Version 12.00
# Visual Studio Version 16
VisualStudioVersion = 16.0.30011.22
MinimumVisualStudioVersion = 10.0.40219.1
Project("{FAE04EC0-301F-11D3-BF4B-00C04F79EFBC}") = "Distancify.LitiumAddOns.DataExtensions", "Distancify.LitiumAddOns.DataExtensions\Distancify.LitiumAddOns.DataExtensions.csproj", "{332CBB98-83DC-4145-98D8-2A21ACDC5678}"
EndProject
Project("{2150E333-8FDC-42A3-9474-1A3956D46DE8}") = "Solution Items", "Solution Items", "{407B684C-7FBF-492E-BE60-889DB05B47F9}"
	ProjectSection(SolutionItems) = preProject
		..\README.md = ..\README.md
	EndProjectSection
EndProject
Global
	GlobalSection(SolutionConfigurationPlatforms) = preSolution
		Debug|Any CPU = Debug|Any CPU
		Release|Any CPU = Release|Any CPU
	EndGlobalSection
	GlobalSection(ProjectConfigurationPlatforms) = postSolution
		{332CBB98-83DC-4145-98D8-2A21ACDC5678}.Debug|Any CPU.ActiveCfg = Debug|Any CPU
		{332CBB98-83DC-4145-98D8-2A21ACDC5678}.Debug|Any CPU.Build.0 = Debug|Any CPU
		{332CBB98-83DC-4145-98D8-2A21ACDC5678}.Release|Any CPU.ActiveCfg = Release|Any CPU
		{332CBB98-83DC-4145-98D8-2A21ACDC5678}.Release|Any CPU.Build.0 = Release|Any CPU
	EndGlobalSection
	GlobalSection(SolutionProperties) = preSolution
		HideSolutionNode = FALSE
	EndGlobalSection
	GlobalSection(ExtensibilityGlobals) = postSolution
		SolutionGuid = {6CF27B53-45EA-44C0-B65D-343D9E4A44A8}
	EndGlobalSection
EndGlobal
